
Microsoft Visual Studio Solution File, Format Version 12.00
# Visual Studio Version 16
VisualStudioVersion = 16.0.29806.167
MinimumVisualStudioVersion = 10.0.40219.1
Project("{9A19103F-16F7-4668-BE54-9A1E7A4F7556}") = "RazorPageTest", "RazorPageTest\RazorPageTest.csproj", "{2CDADE58-4C91-4ACC-A183-F89E3C459A75}"
EndProject
Project("{9A19103F-16F7-4668-BE54-9A1E7A4F7556}") = "SignalRTest", "SignalRTest\SignalRTest.csproj", "{A14F5885-4E08-46DF-94E5-901D40C1CE81}"
EndProject
Project("{9A19103F-16F7-4668-BE54-9A1E7A4F7556}") = "BlazorAppDemo", "BlazorAppDemo\BlazorAppDemo.csproj", "{9548502F-C23F-447B-BB57-70847BA8B640}"
EndProject
Project("{9A19103F-16F7-4668-BE54-9A1E7A4F7556}") = "BlazorDemo", "BlazorDemo\BlazorDemo.csproj", "{3312FBA4-8E42-4729-A045-8169C06A7CD2}"
EndProject
Project("{9A19103F-16F7-4668-BE54-9A1E7A4F7556}") = "GrpcServiceDemo", "GrpcServiceDemo\GrpcServiceDemo.csproj", "{3491D3DE-D314-4CEB-B24A-02232C9FB3BF}"
EndProject
Project("{9A19103F-16F7-4668-BE54-9A1E7A4F7556}") = "GrpcDemo", "GrpcDemo\GrpcDemo.csproj", "{B3E98FDC-063A-46FA-8567-DB4AB2429834}"
EndProject
Project("{9A19103F-16F7-4668-BE54-9A1E7A4F7556}") = "GrpcClientDemo", "GrpcClientDemo\GrpcClientDemo.csproj", "{FAF31AFB-CC5E-4A1F-AF38-D78FFB26A5ED}"
EndProject
Project("{9A19103F-16F7-4668-BE54-9A1E7A4F7556}") = "MVC_AOP", "MVC_AOP\MVC_AOP.csproj", "{09B3D452-B85F-4D65-8546-EEB10D05DD55}"
EndProject
Project("{9A19103F-16F7-4668-BE54-9A1E7A4F7556}") = "MicroServiceDemo", "MicroServiceDemo\MicroServiceDemo.csproj", "{148DC7D2-3D34-4A9A-8334-EF4526EED810}"
EndProject
Project("{9A19103F-16F7-4668-BE54-9A1E7A4F7556}") = "MicroServiceInstance", "MicroServiceInstance\MicroServiceInstance.csproj", "{1384CFD3-12C6-4F1A-BAA6-0571C1A9BB90}"
EndProject
Project("{2150E333-8FDC-42A3-9474-1A3956D46DE8}") = "MicroService", "MicroService", "{6CD398D7-E788-4CFA-A98A-C05700D11842}"
EndProject
Project("{9A19103F-16F7-4668-BE54-9A1E7A4F7556}") = "MicroService.Model", "MicroService.Model\MicroService.Model.csproj", "{7FD15097-B91A-4108-AB61-9852DE834E41}"
EndProject
Project("{9A19103F-16F7-4668-BE54-9A1E7A4F7556}") = "MicroService.IService", "MicroService.IUserService\MicroService.IService.csproj", "{66FF2253-AD8D-47CD-8D51-A624BCF938AE}"
EndProject
Project("{9A19103F-16F7-4668-BE54-9A1E7A4F7556}") = "MicroService.Service", "MicroService.UserService\MicroService.Service.csproj", "{E0F80A86-67B9-48ED-BAE2-1FE807267795}"
EndProject
Project("{9A19103F-16F7-4668-BE54-9A1E7A4F7556}") = "MicroService.Gateway", "MicroService.Gateway\MicroService.Gateway.csproj", "{D26640C1-9E3F-452D-81EC-AB689698F3C6}"
EndProject
Project("{2150E333-8FDC-42A3-9474-1A3956D46DE8}") = "Blazor", "Blazor", "{FCF100CD-C1CA-4894-9B12-F7ED1AC575A5}"
EndProject
Project("{2150E333-8FDC-42A3-9474-1A3956D46DE8}") = "Grpc", "Grpc", "{36991DE6-5ED1-4D61-95F4-B3EA871598F4}"
EndProject
Project("{2150E333-8FDC-42A3-9474-1A3956D46DE8}") = "AOP", "AOP", "{EA922BF2-AA9D-41E1-9235-601833D45463}"
EndProject
Project("{2150E333-8FDC-42A3-9474-1A3956D46DE8}") = "Razor", "Razor", "{C77B14A0-5550-4AF5-9474-9F0C2AB1F686}"
EndProject
Project("{2150E333-8FDC-42A3-9474-1A3956D46DE8}") = "Signal", "Signal", "{133E3403-8E35-4241-98BE-632BCA38146B}"
EndProject
Global
	GlobalSection(SolutionConfigurationPlatforms) = preSolution
		Debug|Any CPU = Debug|Any CPU
		Release|Any CPU = Release|Any CPU
	EndGlobalSection
	GlobalSection(ProjectConfigurationPlatforms) = postSolution
		{2CDADE58-4C91-4ACC-A183-F89E3C459A75}.Debug|Any CPU.ActiveCfg = Debug|Any CPU
		{2CDADE58-4C91-4ACC-A183-F89E3C459A75}.Debug|Any CPU.Build.0 = Debug|Any CPU
		{2CDADE58-4C91-4ACC-A183-F89E3C459A75}.Release|Any CPU.ActiveCfg = Release|Any CPU
		{2CDADE58-4C91-4ACC-A183-F89E3C459A75}.Release|Any CPU.Build.0 = Release|Any CPU
		{A14F5885-4E08-46DF-94E5-901D40C1CE81}.Debug|Any CPU.ActiveCfg = Debug|Any CPU
		{A14F5885-4E08-46DF-94E5-901D40C1CE81}.Debug|Any CPU.Build.0 = Debug|Any CPU
		{A14F5885-4E08-46DF-94E5-901D40C1CE81}.Release|Any CPU.ActiveCfg = Release|Any CPU
		{A14F5885-4E08-46DF-94E5-901D40C1CE81}.Release|Any CPU.Build.0 = Release|Any CPU
		{9548502F-C23F-447B-BB57-70847BA8B640}.Debug|Any CPU.ActiveCfg = Debug|Any CPU
		{9548502F-C23F-447B-BB57-70847BA8B640}.Debug|Any CPU.Build.0 = Debug|Any CPU
		{9548502F-C23F-447B-BB57-70847BA8B640}.Release|Any CPU.ActiveCfg = Release|Any CPU
		{9548502F-C23F-447B-BB57-70847BA8B640}.Release|Any CPU.Build.0 = Release|Any CPU
		{3312FBA4-8E42-4729-A045-8169C06A7CD2}.Debug|Any CPU.ActiveCfg = Debug|Any CPU
		{3312FBA4-8E42-4729-A045-8169C06A7CD2}.Debug|Any CPU.Build.0 = Debug|Any CPU
		{3312FBA4-8E42-4729-A045-8169C06A7CD2}.Release|Any CPU.ActiveCfg = Release|Any CPU
		{3312FBA4-8E42-4729-A045-8169C06A7CD2}.Release|Any CPU.Build.0 = Release|Any CPU
		{3491D3DE-D314-4CEB-B24A-02232C9FB3BF}.Debug|Any CPU.ActiveCfg = Debug|Any CPU
		{3491D3DE-D314-4CEB-B24A-02232C9FB3BF}.Debug|Any CPU.Build.0 = Debug|Any CPU
		{3491D3DE-D314-4CEB-B24A-02232C9FB3BF}.Release|Any CPU.ActiveCfg = Release|Any CPU
		{3491D3DE-D314-4CEB-B24A-02232C9FB3BF}.Release|Any CPU.Build.0 = Release|Any CPU
		{B3E98FDC-063A-46FA-8567-DB4AB2429834}.Debug|Any CPU.ActiveCfg = Debug|Any CPU
		{B3E98FDC-063A-46FA-8567-DB4AB2429834}.Debug|Any CPU.Build.0 = Debug|Any CPU
		{B3E98FDC-063A-46FA-8567-DB4AB2429834}.Release|Any CPU.ActiveCfg = Release|Any CPU
		{B3E98FDC-063A-46FA-8567-DB4AB2429834}.Release|Any CPU.Build.0 = Release|Any CPU
		{FAF31AFB-CC5E-4A1F-AF38-D78FFB26A5ED}.Debug|Any CPU.ActiveCfg = Debug|Any CPU
		{FAF31AFB-CC5E-4A1F-AF38-D78FFB26A5ED}.Debug|Any CPU.Build.0 = Debug|Any CPU
		{FAF31AFB-CC5E-4A1F-AF38-D78FFB26A5ED}.Release|Any CPU.ActiveCfg = Release|Any CPU
		{FAF31AFB-CC5E-4A1F-AF38-D78FFB26A5ED}.Release|Any CPU.Build.0 = Release|Any CPU
		{09B3D452-B85F-4D65-8546-EEB10D05DD55}.Debug|Any CPU.ActiveCfg = Debug|Any CPU
		{09B3D452-B85F-4D65-8546-EEB10D05DD55}.Debug|Any CPU.Build.0 = Debug|Any CPU
		{09B3D452-B85F-4D65-8546-EEB10D05DD55}.Release|Any CPU.ActiveCfg = Release|Any CPU
		{09B3D452-B85F-4D65-8546-EEB10D05DD55}.Release|Any CPU.Build.0 = Release|Any CPU
		{148DC7D2-3D34-4A9A-8334-EF4526EED810}.Debug|Any CPU.ActiveCfg = Debug|Any CPU
		{148DC7D2-3D34-4A9A-8334-EF4526EED810}.Debug|Any CPU.Build.0 = Debug|Any CPU
		{148DC7D2-3D34-4A9A-8334-EF4526EED810}.Release|Any CPU.ActiveCfg = Release|Any CPU
		{148DC7D2-3D34-4A9A-8334-EF4526EED810}.Release|Any CPU.Build.0 = Release|Any CPU
		{1384CFD3-12C6-4F1A-BAA6-0571C1A9BB90}.Debug|Any CPU.ActiveCfg = Debug|Any CPU
		{1384CFD3-12C6-4F1A-BAA6-0571C1A9BB90}.Debug|Any CPU.Build.0 = Debug|Any CPU
		{1384CFD3-12C6-4F1A-BAA6-0571C1A9BB90}.Release|Any CPU.ActiveCfg = Release|Any CPU
		{1384CFD3-12C6-4F1A-BAA6-0571C1A9BB90}.Release|Any CPU.Build.0 = Release|Any CPU
		{7FD15097-B91A-4108-AB61-9852DE834E41}.Debug|Any CPU.ActiveCfg = Debug|Any CPU
		{7FD15097-B91A-4108-AB61-9852DE834E41}.Debug|Any CPU.Build.0 = Debug|Any CPU
		{7FD15097-B91A-4108-AB61-9852DE834E41}.Release|Any CPU.ActiveCfg = Release|Any CPU
		{7FD15097-B91A-4108-AB61-9852DE834E41}.Release|Any CPU.Build.0 = Release|Any CPU
		{66FF2253-AD8D-47CD-8D51-A624BCF938AE}.Debug|Any CPU.ActiveCfg = Debug|Any CPU
		{66FF2253-AD8D-47CD-8D51-A624BCF938AE}.Debug|Any CPU.Build.0 = Debug|Any CPU
		{66FF2253-AD8D-47CD-8D51-A624BCF938AE}.Release|Any CPU.ActiveCfg = Release|Any CPU
		{66FF2253-AD8D-47CD-8D51-A624BCF938AE}.Release|Any CPU.Build.0 = Release|Any CPU
		{E0F80A86-67B9-48ED-BAE2-1FE807267795}.Debug|Any CPU.ActiveCfg = Debug|Any CPU
		{E0F80A86-67B9-48ED-BAE2-1FE807267795}.Debug|Any CPU.Build.0 = Debug|Any CPU
		{E0F80A86-67B9-48ED-BAE2-1FE807267795}.Release|Any CPU.ActiveCfg = Release|Any CPU
		{E0F80A86-67B9-48ED-BAE2-1FE807267795}.Release|Any CPU.Build.0 = Release|Any CPU
		{D26640C1-9E3F-452D-81EC-AB689698F3C6}.Debug|Any CPU.ActiveCfg = Debug|Any CPU
		{D26640C1-9E3F-452D-81EC-AB689698F3C6}.Debug|Any CPU.Build.0 = Debug|Any CPU
		{D26640C1-9E3F-452D-81EC-AB689698F3C6}.Release|Any CPU.ActiveCfg = Release|Any CPU
		{D26640C1-9E3F-452D-81EC-AB689698F3C6}.Release|Any CPU.Build.0 = Release|Any CPU
	EndGlobalSection
	GlobalSection(SolutionProperties) = preSolution
		HideSolutionNode = FALSE
	EndGlobalSection
	GlobalSection(NestedProjects) = preSolution
		{2CDADE58-4C91-4ACC-A183-F89E3C459A75} = {C77B14A0-5550-4AF5-9474-9F0C2AB1F686}
		{A14F5885-4E08-46DF-94E5-901D40C1CE81} = {133E3403-8E35-4241-98BE-632BCA38146B}
		{9548502F-C23F-447B-BB57-70847BA8B640} = {FCF100CD-C1CA-4894-9B12-F7ED1AC575A5}
		{3312FBA4-8E42-4729-A045-8169C06A7CD2} = {FCF100CD-C1CA-4894-9B12-F7ED1AC575A5}
		{3491D3DE-D314-4CEB-B24A-02232C9FB3BF} = {36991DE6-5ED1-4D61-95F4-B3EA871598F4}
		{B3E98FDC-063A-46FA-8567-DB4AB2429834} = {36991DE6-5ED1-4D61-95F4-B3EA871598F4}
		{FAF31AFB-CC5E-4A1F-AF38-D78FFB26A5ED} = {36991DE6-5ED1-4D61-95F4-B3EA871598F4}
		{09B3D452-B85F-4D65-8546-EEB10D05DD55} = {EA922BF2-AA9D-41E1-9235-601833D45463}
		{148DC7D2-3D34-4A9A-8334-EF4526EED810} = {6CD398D7-E788-4CFA-A98A-C05700D11842}
		{1384CFD3-12C6-4F1A-BAA6-0571C1A9BB90} = {6CD398D7-E788-4CFA-A98A-C05700D11842}
		{7FD15097-B91A-4108-AB61-9852DE834E41} = {6CD398D7-E788-4CFA-A98A-C05700D11842}
		{66FF2253-AD8D-47CD-8D51-A624BCF938AE} = {6CD398D7-E788-4CFA-A98A-C05700D11842}
		{E0F80A86-67B9-48ED-BAE2-1FE807267795} = {6CD398D7-E788-4CFA-A98A-C05700D11842}
		{D26640C1-9E3F-452D-81EC-AB689698F3C6} = {6CD398D7-E788-4CFA-A98A-C05700D11842}
	EndGlobalSection
	GlobalSection(ExtensibilityGlobals) = postSolution
		SolutionGuid = {2803C0B8-6FDC-42BE-9BFC-B1DBC47CB3C6}
	EndGlobalSection
EndGlobal
